PATH
  remote: ../
  specs:
    migration_tools (1.0.0)
      activerecord

GEM
  remote: https://rubygems.org/
  specs:
    activerecord (2.3.18)
      activesupport (= 2.3.18)
    activesupport (2.3.18)
    appraisal (0.5.2)
      bundler
      rake
    iconv (1.0.3)
    metaclass (0.0.1)
    minitest (5.0.8)
    mocha (0.14.0)
      metaclass (~> 0.0.1)
    rake (10.1.0)
    sqlite3 (1.3.8)

PLATFORMS
  ruby

DEPENDENCIES
  activerecord (~> 2.3.6)
  appraisal
  iconv
  migration_tools!
  minitest
  mocha
  rake
  sqlite3
